// !$*UTF8*$!
{
	archiveVersion = 1;
	classes = {
	};
	objectVersion = 46;
	objects = {

/* Begin PBXBuildFile section */
		9FD669471B46D368004171D8 /* AppDelegate.swift in Sources */ = {isa = PBXBuildFile; fileRef = 9FD669461B46D368004171D8 /* AppDelegate.swift */; };
		9FD669491B46D368004171D8 /* ViewController.swift in Sources */ = {isa = PBXBuildFile; fileRef = 9FD669481B46D368004171D8 /* ViewController.swift */; };
		9FD6694C1B46D368004171D8 /* Main.storyboard in Resources */ = {isa = PBXBuildFile; fileRef = 9FD6694A1B46D368004171D8 /* Main.storyboard */; };
		9FD6694E1B46D368004171D8 /* Images.xcassets in Resources */ = {isa = PBXBuildFile; fileRef = 9FD6694D1B46D368004171D8 /* Images.xcassets */; };
		9FD669511B46D368004171D8 /* LaunchScreen.xib in Resources */ = {isa = PBXBuildFile; fileRef = 9FD6694F1B46D368004171D8 /* LaunchScreen.xib */; };
		9FD6695D1B46D368004171D8 /* PostcardTests.swift in Sources */ = {isa = PBXBuildFile; fileRef = 9FD6695C1B46D368004171D8 /* PostcardTests.swift */; };
/* End PBXBuildFile section */

/* Begin PBXContainerItemProxy section */
		9FD669571B46D368004171D8 /* PBXContainerItemProxy */ = {
			isa = PBXContainerItemProxy;
			containerPortal = 9FD669391B46D367004171D8 /* Project object */;
			proxyType = 1;
			remoteGlobalIDString = 9FD669401B46D367004171D8;
			remoteInfo = Postcard;
		};
/* End PBXContainerItemProxy section */

/* Begin PBXFileReference section */
		9FD669411B46D368004171D8 /* Postcard.app */ = {isa = PBXFileReference; explicitFileType = wrapper.application; includeInIndex = 0; path = Postcard.app; sourceTree = BUILT_PRODUCTS_DIR; };
		9FD669451B46D368004171D8 /* Info.plist */ = {isa = PBXFileReference; lastKnownFileType = text.plist.xml; path = Info.plist; sourceTree = "<group>"; };
		9FD669461B46D368004171D8 /* AppDelegate.swift */ = {isa = PBXFileReference; lastKnownFileType = sourcecode.swift; path = AppDelegate.swift; sourceTree = "<group>"; };
		9FD669481B46D368004171D8 /* ViewController.swift */ = {isa = PBXFileReference; lastKnownFileType = sourcecode.swift; path = ViewController.swift; sourceTree = "<group>"; };
		9FD6694B1B46D368004171D8 /* Base */ = {isa = PBXFileReference; lastKnownFileType = file.storyboard; name = Base; path = Base.lproj/Main.storyboard; sourceTree = "<group>"; };
		9FD6694D1B46D368004171D8 /* Images.xcassets */ = {isa = PBXFileReference; lastKnownFileType = folder.assetcatalog; path = Images.xcassets; sourceTree = "<group>"; };
		9FD669501B46D368004171D8 /* Base */ = {isa = PBXFileReference; lastKnownFileType = file.xib; name = Base; path = Base.lproj/LaunchScreen.xib; sourceTree = "<group>"; };
		9FD669561B46D368004171D8 /* PostcardTests.xctest */ = {isa = PBXFileReference; explicitFileType = wrapper.cfbundle; includeInIndex = 0; path = PostcardTests.xctest; sourceTree = BUILT_PRODUCTS_DIR; };
		9FD6695B1B46D368004171D8 /* Info.plist */ = {isa = PBXFileReference; lastKnownFileType = text.plist.xml; path = Info.plist; sourceTree = "<group>"; };
		9FD6695C1B46D368004171D8 /* PostcardTests.swift */ = {isa = PBXFileReference; lastKnownFileType = sourcecode.swift; path = PostcardTests.swift; sourceTree = "<group>"; };
/* End PBXFileReference section */

/* Begin PBXFrameworksBuildPhase section */
		9FD6693E1B46D367004171D8 /* Frameworks */ = {
			isa = PBXFrameworksBuildPhase;
			buildActionMask = 2147483647;
			files = (
			);
			runOnlyForDeploymentPostprocessing = 0;
		};
		9FD669531B46D368004171D8 /* Frameworks */ = {
			isa = PBXFrameworksBuildPhase;
			buildActionMask = 2147483647;
			files = (
			);
			runOnlyForDeploymentPostprocessing = 0;
		};
/* End PBXFrameworksBuildPhase section */

/* Begin PBXGroup section */
		9FD669381B46D367004171D8 = {
			isa = PBXGroup;
			children = (
				9FD669431B46D368004171D8 /* Postcard */,
				9FD669591B46D368004171D8 /* PostcardTests */,
				9FD669421B46D368004171D8 /* Products */,
			);
			sourceTree = "<group>";
		};
		9FD669421B46D368004171D8 /* Products */ = {
			isa = PBXGroup;
			children = (
				9FD669411B46D368004171D8 /* Postcard.app */,
				9FD669561B46D368004171D8 /* PostcardTests.xctest */,
			);
			name = Products;
			sourceTree = "<group>";
		};
		9FD669431B46D368004171D8 /* Postcard */ = {
			isa = PBXGroup;
			children = (
				9FD669461B46D368004171D8 /* AppDelegate.swift */,
				9FD669481B46D368004171D8 /* ViewController.swift */,
				9FD6694A1B46D368004171D8 /* Main.storyboard */,
				9FD6694D1B46D368004171D8 /* Images.xcassets */,
				9FD6694F1B46D368004171D8 /* LaunchScreen.xib */,
				9FD669441B46D368004171D8 /* Supporting Files */,
			);
			path = Postcard;
			sourceTree = "<group>";
		};
		9FD669441B46D368004171D8 /* Supporting Files */ = {
			isa = PBXGroup;
			children = (
				9FD669451B46D368004171D8 /* Info.plist */,
			);
			name = "Supporting Files";
			sourceTree = "<group>";
		};
		9FD669591B46D368004171D8 /* PostcardTests */ = {
			isa = PBXGroup;
			children = (
				9FD6695C1B46D368004171D8 /* PostcardTests.swift */,
				9FD6695A1B46D368004171D8 /* Supporting Files */,
			);
			path = PostcardTests;
			sourceTree = "<group>";
		};
		9FD6695A1B46D368004171D8 /* Supporting Files */ = {
			isa = PBXGroup;
			children = (
				9FD6695B1B46D368004171D8 /* Info.plist */,
			);
			name = "Supporting Files";
			sourceTree = "<group>";
		};
/* End PBXGroup section */

/* Begin PBXNativeTarget section */
		9FD669401B46D367004171D8 /* Postcard */ = {
			isa = PBXNativeTarget;
			buildConfigurationList = 9FD669601B46D368004171D8 /* Build configuration list for PBXNativeTarget "Postcard" */;
			buildPhases = (
				9FD6693D1B46D367004171D8 /* Sources */,
				9FD6693E1B46D367004171D8 /* Frameworks */,
				9FD6693F1B46D367004171D8 /* Resources */,
			);
			buildRules = (
			);
			dependencies = (
			);
			name = Postcard;
			productName = Postcard;
			productReference = 9FD669411B46D368004171D8 /* Postcard.app */;
			productType = "com.apple.product-type.application";
		};
		9FD669551B46D368004171D8 /* PostcardTests */ = {
			isa = PBXNativeTarget;
			buildConfigurationList = 9FD669631B46D368004171D8 /* Build configuration list for PBXNativeTarget "PostcardTests" */;
			buildPhases = (
				9FD669521B46D368004171D8 /* Sources */,
				9FD669531B46D368004171D8 /* Frameworks */,
				9FD669541B46D368004171D8 /* Resources */,
			);
			buildRules = (
			);
			dependencies = (
				9FD669581B46D368004171D8 /* PBXTargetDependency */,
			);
			name = PostcardTests;
			productName = PostcardTests;
			productReference = 9FD669561B46D368004171D8 /* PostcardTests.xctest */;
			productType = "com.apple.product-type.bundle.unit-test";
		};
/* End PBXNativeTarget section */

/* Begin PBXProject section */
		9FD669391B46D367004171D8 /* Project object */ = {
			isa = PBXProject;
			attributes = {
				LastUpgradeCheck = 0640;
				ORGANIZATIONNAME = "Jenny Beaird";
				TargetAttributes = {
					9FD669401B46D367004171D8 = {
						CreatedOnToolsVersion = 6.4;
					};
					9FD669551B46D368004171D8 = {
						CreatedOnToolsVersion = 6.4;
						TestTargetID = 9FD669401B46D367004171D8;
					};
				};
			};
			buildConfigurationList = 9FD6693C1B46D367004171D8 /* Build configuration list for PBXProject "Postcard" */;
			compatibilityVersion = "Xcode 3.2";
			developmentRegion = English;
			hasScannedForEncodings = 0;
			knownRegions = (
				en,
				Base,
			);
			mainGroup = 9FD669381B46D367004171D8;
			productRefGroup = 9FD669421B46D368004171D8 /* Products */;
			projectDirPath = "";
			projectRoot = "";
			targets = (
				9FD669401B46D367004171D8 /* Postcard */,
				9FD669551B46D368004171D8 /* PostcardTests */,
			);
		};
/* End PBXProject section */

/* Begin PBXResourcesBuildPhase section */
		9FD6693F1B46D367004171D8 /* Resources */ = {
			isa = PBXResourcesBuildPhase;
			buildActionMask = 2147483647;
			files = (
				9FD6694C1B46D368004171D8 /* Main.storyboard in Resources */,
				9FD669511B46D368004171D8 /* LaunchScreen.xib in Resources */,
				9FD6694E1B46D368004171D8 /* Images.xcassets in Resources */,
			);
			runOnlyForDeploymentPostprocessing = 0;
		};
		9FD669541B46D368004171D8 /* Resources */ = {
			isa = PBXResourcesBuildPhase;
			buildActionMask = 2147483647;
			files = (
			);
			runOnlyForDeploymentPostprocessing = 0;
		};
/* End PBXResourcesBuildPhase section */

/* Begin PBXSourcesBuildPhase section */
		9FD6693D1B46D367004171D8 /* Sources */ = {
			isa = PBXSourcesBuildPhase;
			buildActionMask = 2147483647;
			files = (
				9FD669491B46D368004171D8 /* ViewController.swift in Sources */,
				9FD669471B46D368004171D8 /* AppDelegate.swift in Sources */,
			);
			runOnlyForDeploymentPostprocessing = 0;
		};
		9FD669521B46D368004171D8 /* Sources */ = {
			isa = PBXSourcesBuildPhase;
			buildActionMask = 2147483647;
			files = (
				9FD6695D1B46D368004171D8 /* PostcardTests.swift in Sources */,
			);
			runOnlyForDeploymentPostprocessing = 0;
		};
/* End PBXSourcesBuildPhase section */

/* Begin PBXTargetDependency section */
		9FD669581B46D368004171D8 /* PBXTargetDependency */ = {
			isa = PBXTargetDependency;
			target = 9FD669401B46D367004171D8 /* Postcard */;
			targetProxy = 9FD669571B46D368004171D8 /* PBXContainerItemProxy */;
		};
/* End PBXTargetDependency section */

/* Begin PBXVariantGroup section */
		9FD6694A1B46D368004171D8 /* Main.storyboard */ = {
			isa = PBXVariantGroup;
			children = (
				9FD6694B1B46D368004171D8 /* Base */,
			);
			name = Main.storyboard;
			sourceTree = "<group>";
		};
		9FD6694F1B46D368004171D8 /* LaunchScreen.xib */ = {
			isa = PBXVariantGroup;
			children = (
				9FD669501B46D368004171D8 /* Base */,
			);
			name = LaunchScreen.xib;
			sourceTree = "<group>";
		};
/* End PBXVariantGroup section */

/* Begin XCBuildConfiguration section */
		9FD6695E1B46D368004171D8 /* Debug */ = {
			isa = XCBuildConfiguration;
			buildSettings = {
				ALWAYS_SEARCH_USER_PATHS = NO;
				CLANG_CXX_LANGUAGE_STANDARD = "gnu++0x";
				CLANG_CXX_LIBRARY = "libc++";
				CLANG_ENABLE_MODULES = YES;
				CLANG_ENABLE_OBJC_ARC = YES;
				CLANG_WARN_BOOL_CONVERSION = YES;
				CLANG_WARN_CONSTANT_CONVERSION = YES;
				CLANG_WARN_DIRECT_OBJC_ISA_USAGE = YES_ERROR;
				CLANG_WARN_EMPTY_BODY = YES;
				CLANG_WARN_ENUM_CONVERSION = YES;
				CLANG_WARN_INT_CONVERSION = YES;
				CLANG_WARN_OBJC_ROOT_CLASS = YES_ERROR;
				CLANG_WARN_UNREACHABLE_CODE = YES;
				CLANG_WARN__DUPLICATE_METHOD_MATCH = YES;
				"CODE_SIGN_IDENTITY[sdk=iphoneos*]" = "iPhone Developer";
				COPY_PHASE_STRIP = NO;
				DEBUG_INFORMATION_FORMAT = "dwarf-with-dsym";
				ENABLE_STRICT_OBJC_MSGSEND = YES;
				GCC_C_LANGUAGE_STANDARD = gnu99;
				GCC_DYNAMIC_NO_PIC = NO;
				GCC_NO_COMMON_BLOCKS = YES;
				GCC_OPTIMIZATION_LEVEL = 0;
				GCC_PREPROCESSOR_DEFINITIONS = (
					"DEBUG=1",
					"$(inherited)",
				);
				GCC_SYMBOLS_PRIVATE_EXTERN = NO;
				GCC_WARN_64_TO_32_BIT_CONVERSION = YES;
				GCC_WARN_ABOUT_RETURN_TYPE = YES_ERROR;
				GCC_WARN_UNDECLARED_SELECTOR = YES;
				GCC_WARN_UNINITIALIZED_AUTOS = YES_AGGRESSIVE;
				GCC_WARN_UNUSED_FUNCTION = YES;
				GCC_WARN_UNUSED_VARIABLE = YES;
				IPHONEOS_DEPLOYMENT_TARGET = 8.4;
				MTL_ENABLE_DEBUG_INFO = YES;
				ONLY_ACTIVE_ARCH = YES;
				SDKROOT = iphoneos;
				SWIFT_OPTIMIZATION_LEVEL = "-Onone";
				TARGETED_DEVICE_FAMILY = "1,2";
			};
			name = Debug;
		};
		9FD6695F1B46D368004171D8 /* Release */ = {
			isa = XCBuildConfiguration;
			buildSettings = {
				ALWAYS_SEARCH_USER_PATHS = NO;
				CLANG_CXX_LANGUAGE_STANDARD = "gnu++0x";
				CLANG_CXX_LIBRARY = "libc++";
				CLANG_ENABLE_MODULES = YES;
				CLANG_ENABLE_OBJC_ARC = YES;
				CLANG_WARN_BOOL_CONVERSION = YES;
				CLANG_WARN_CONSTANT_CONVERSION = YES;
				CLANG_WARN_DIRECT_OBJC_ISA_USAGE = YES_ERROR;
				CLANG_WARN_EMPTY_BODY = YES;
				CLANG_WARN_ENUM_CONVERSION = YES;
				CLANG_WARN_INT_CONVERSION = YES;
				CLANG_WARN_OBJC_ROOT_CLASS = YES_ERROR;
				CLANG_WARN_UNREACHABLE_CODE = YES;
				CLANG_WARN__DUPLICATE_METHOD_MATCH = YES;
				"CODE_SIGN_IDENTITY[sdk=iphoneos*]" = "iPhone Developer";
				COPY_PHASE_STRIP = NO;
				DEBUG_INFORMATION_FORMAT = "dwarf-with-dsym";
				ENABLE_NS_ASSERTIONS = NO;
				ENABLE_STRICT_OBJC_MSGSEND = YES;
				GCC_C_LANGUAGE_STANDARD = gnu99;
				GCC_NO_COMMON_BLOCKS = YES;
				GCC_WARN_64_TO_32_BIT_CONVERSION = YES;
				GCC_WARN_ABOUT_RETURN_TYPE = YES_ERROR;
				GCC_WARN_UNDECLARED_SELECTOR = YES;
				GCC_WARN_UNINITIALIZED_AUTOS = YES_AGGRESSIVE;
				GCC_WARN_UNUSED_FUNCTION = YES;
				GCC_WARN_UNUSED_VARIABLE = YES;
				IPHONEOS_DEPLOYMENT_TARGET = 8.4;
				MTL_ENABLE_DEBUG_INFO = NO;
				SDKROOT = iphoneos;
				TARGETED_DEVICE_FAMILY = "1,2";
				VALIDATE_PRODUCT = YES;
			};
			name = Release;
		};
		9FD669611B46D368004171D8 /* Debug */ = {
			isa = XCBuildConfiguration;
			buildSettings = {
				ASSETCATALOG_COMPILER_APPICON_NAME = AppIcon;
				INFOPLIST_FILE = Postcard/Info.plist;
				LD_RUNPATH_SEARCH_PATHS = "$(inherited) @executable_path/Frameworks";
				PRODUCT_NAME = "$(TARGET_NAME)";
			};
			name = Debug;
		};
		9FD669621B46D368004171D8 /* Release */ = {
			isa = XCBuildConfiguration;
			buildSettings = {
				ASSETCATALOG_COMPILER_APPICON_NAME = AppIcon;
				INFOPLIST_FILE = Postcard/Info.plist;
				LD_RUNPATH_SEARCH_PATHS = "$(inherited) @executable_path/Frameworks";
				PRODUCT_NAME = "$(TARGET_NAME)";
			};
			name = Release;
		};
		9FD669641B46D368004171D8 /* Debug */ = {
			isa = XCBuildConfiguration;
			buildSettings = {
				BUNDLE_LOADER = "$(TEST_HOST)";
				FRAMEWORK_SEARCH_PATHS = (
					"$(SDKROOT)/Developer/Library/Frameworks",
					"$(inherited)",
				);
				GCC_PREPROCESSOR_DEFINITIONS = (
					"DEBUG=1",
					"$(inherited)",
				);
				INFOPLIST_FILE = PostcardTests/Info.plist;
				LD_RUNPATH_SEARCH_PATHS = "$(inherited) @executable_path/Frameworks @loader_path/Frameworks";
				PRODUCT_NAME = "$(TARGET_NAME)";
				TEST_HOST = "$(BUILT_PRODUCTS_DIR)/Postcard.app/Postcard";
			};
			name = Debug;
		};
		9FD669651B46D368004171D8 /* Release */ = {
			isa = XCBuildConfiguration;
			buildSettings = {
				BUNDLE_LOADER = "$(TEST_HOST)";
				FRAMEWORK_SEARCH_PATHS = (
					"$(SDKROOT)/Developer/Library/Frameworks",
					"$(inherited)",
				);
				INFOPLIST_FILE = PostcardTests/Info.plist;
				LD_RUNPATH_SEARCH_PATHS = "$(inherited) @executable_path/Frameworks @loader_path/Frameworks";
				PRODUCT_NAME = "$(TARGET_NAME)";
				TEST_HOST = "$(BUILT_PRODUCTS_DIR)/Postcard.app/Postcard";
			};
			name = Release;
		};
/* End XCBuildConfiguration section */

/* Begin XCConfigurationList section */
		9FD6693C1B46D367004171D8 /* Build configuration list for PBXProject "Postcard" */ = {
			isa = XCConfigurationList;
			buildConfigurations = (
				9FD6695E1B46D368004171D8 /* Debug */,
				9FD6695F1B46D368004171D8 /* Release */,
			);
			defaultConfigurationIsVisible = 0;
			defaultConfigurationName = Release;
		};
		9FD669601B46D368004171D8 /* Build configuration list for PBXNativeTarget "Postcard" */ = {
			isa = XCConfigurationList;
			buildConfigurations = (
				9FD669611B46D368004171D8 /* Debug */,
				9FD669621B46D368004171D8 /* Release */,
			);
			defaultConfigurationIsVisible = 0;
		};
		9FD669631B46D368004171D8 /* Build configuration list for PBXNativeTarget "PostcardTests" */ = {
			isa = XCConfigurationList;
			buildConfigurations = (
				9FD669641B46D368004171D8 /* Debug */,
				9FD669651B46D368004171D8 /* Release */,
			);
			defaultConfigurationIsVisible = 0;
		};
/* End XCConfigurationList section */
	};
	rootObject = 9FD669391B46D367004171D8 /* Project object */;
}
